
Microsoft Visual Studio Solution File, Format Version 12.00
# Visual Studio Version 17
VisualStudioVersion = 17.14.36811.4
MinimumVisualStudioVersion = 10.0.40219.1
Project("{FAE04EC0-301F-11D3-BF4B-00C04F79EFBC}") = "Domain", "Projetica.Core\Domain.csproj", "{9DB24B45-8FB5-42FE-AEC7-18CA72FA99D4}"
EndProject
Project("{FAE04EC0-301F-11D3-BF4B-00C04F79EFBC}") = "Infrastructure", "Infrastructure\Infrastructure.csproj", "{9F38154C-6131-4E84-A2BC-4384C85DBE67}"
EndProject
Project("{FAE04EC0-301F-11D3-BF4B-00C04F79EFBC}") = "Application", "Application\Application.csproj", "{6F142341-86BF-4B1D-A30A-6B29298012DB}"
EndProject
Global
	GlobalSection(SolutionConfigurationPlatforms) = preSolution
		Debug|Any CPU = Debug|Any CPU
		Release|Any CPU = Release|Any CPU
	EndGlobalSection
	GlobalSection(ProjectConfigurationPlatforms) = postSolution
		{9DB24B45-8FB5-42FE-AEC7-18CA72FA99D4}.Debug|Any CPU.ActiveCfg = Debug|Any CPU
		{9DB24B45-8FB5-42FE-AEC7-18CA72FA99D4}.Debug|Any CPU.Build.0 = Debug|Any CPU
		{9DB24B45-8FB5-42FE-AEC7-18CA72FA99D4}.Release|Any CPU.ActiveCfg = Release|Any CPU
		{9DB24B45-8FB5-42FE-AEC7-18CA72FA99D4}.Release|Any CPU.Build.0 = Release|Any CPU
		{9F38154C-6131-4E84-A2BC-4384C85DBE67}.Debug|Any CPU.ActiveCfg = Debug|Any CPU
		{9F38154C-6131-4E84-A2BC-4384C85DBE67}.Debug|Any CPU.Build.0 = Debug|Any CPU
		{9F38154C-6131-4E84-A2BC-4384C85DBE67}.Release|Any CPU.ActiveCfg = Release|Any CPU
		{9F38154C-6131-4E84-A2BC-4384C85DBE67}.Release|Any CPU.Build.0 = Release|Any CPU
		{6F142341-86BF-4B1D-A30A-6B29298012DB}.Debug|Any CPU.ActiveCfg = Debug|Any CPU
		{6F142341-86BF-4B1D-A30A-6B29298012DB}.Debug|Any CPU.Build.0 = Debug|Any CPU
		{6F142341-86BF-4B1D-A30A-6B29298012DB}.Release|Any CPU.ActiveCfg = Release|Any CPU
		{6F142341-86BF-4B1D-A30A-6B29298012DB}.Release|Any CPU.Build.0 = Release|Any CPU
	EndGlobalSection
	GlobalSection(SolutionProperties) = preSolution
		HideSolutionNode = FALSE
	EndGlobalSection
	GlobalSection(ExtensibilityGlobals) = postSolution
		SolutionGuid = {17D14829-829E-4379-AEE6-A011F229F77C}
	EndGlobalSection
EndGlobal
